
Microsoft Visual Studio Solution File, Format Version 12.00
# Visual Studio Version 16
VisualStudioVersion = 16.0.31424.327
MinimumVisualStudioVersion = 10.0.40219.1
Project("{FAE04EC0-301F-11D3-BF4B-00C04F79EFBC}") = "DatabaseWebApp", "DatabaseWebApp.csproj", "{8218BD3C-5EE5-4D4A-A541-A7D3410A972E}"
EndProject
Global
	GlobalSection(SolutionConfigurationPlatforms) = preSolution
		Debug|Any CPU = Debug|Any CPU
		Release|Any CPU = Release|Any CPU
	EndGlobalSection
	GlobalSection(ProjectConfigurationPlatforms) = postSolution
		{8218BD3C-5EE5-4D4A-A541-A7D3410A972E}.Debug|Any CPU.ActiveCfg = Debug|Any CPU
		{8218BD3C-5EE5-4D4A-A541-A7D3410A972E}.Debug|Any CPU.Build.0 = Debug|Any CPU
		{8218BD3C-5EE5-4D4A-A541-A7D3410A972E}.Release|Any CPU.ActiveCfg = Release|Any CPU
		{8218BD3C-5EE5-4D4A-A541-A7D3410A972E}.Release|Any CPU.Build.0 = Release|Any CPU
	EndGlobalSection
	GlobalSection(SolutionProperties) = preSolution
		HideSolutionNode = FALSE
	EndGlobalSection
	GlobalSection(ExtensibilityGlobals) = postSolution
		SolutionGuid = {4322A077-9723-4C35-8D7E-D9E2234D35F8}
	EndGlobalSection
EndGlobal
